// !$*UTF8*$!
{
	archiveVersion = 1;
	classes = {
	};
	objectVersion = 52;
	objects = {

/* Begin PBXBuildFile section */
		48836D8526DDCB040099923D /* TableEndPoint.swift in Sources */ = {isa = PBXBuildFile; fileRef = 48836D8426DDCB040099923D /* TableEndPoint.swift */; };
		48836D8826DDCE7E0099923D /* APIError.swift in Sources */ = {isa = PBXBuildFile; fileRef = 48836D8726DDCE7E0099923D /* APIError.swift */; };
		48836D8B26DDD1710099923D /* DataService.swift in Sources */ = {isa = PBXBuildFile; fileRef = 48836D8A26DDD1710099923D /* DataService.swift */; };
		48A1AFE626DDC2AF00755CB0 /* CBInvestorApp.swift in Sources */ = {isa = PBXBuildFile; fileRef = 48A1AFD326DDC2AD00755CB0 /* CBInvestorApp.swift */; };
		48A1AFE726DDC2AF00755CB0 /* CBInvestorApp.swift in Sources */ = {isa = PBXBuildFile; fileRef = 48A1AFD326DDC2AD00755CB0 /* CBInvestorApp.swift */; };
		48A1AFE826DDC2AF00755CB0 /* ContentView.swift in Sources */ = {isa = PBXBuildFile; fileRef = 48A1AFD426DDC2AD00755CB0 /* ContentView.swift */; };
		48A1AFE926DDC2AF00755CB0 /* ContentView.swift in Sources */ = {isa = PBXBuildFile; fileRef = 48A1AFD426DDC2AD00755CB0 /* ContentView.swift */; };
		48A1AFEA26DDC2AF00755CB0 /* Assets.xcassets in Resources */ = {isa = PBXBuildFile; fileRef = 48A1AFD526DDC2AF00755CB0 /* Assets.xcassets */; };
		48A1AFEB26DDC2AF00755CB0 /* Assets.xcassets in Resources */ = {isa = PBXBuildFile; fileRef = 48A1AFD526DDC2AF00755CB0 /* Assets.xcassets */; };
		48A1AFF626DDC31700755CB0 /* JslDataTable.swift in Sources */ = {isa = PBXBuildFile; fileRef = 48A1AFF526DDC31700755CB0 /* JslDataTable.swift */; };
		48B46D9926DDE25E007DDEAC /* ResultState.swift in Sources */ = {isa = PBXBuildFile; fileRef = 48B46D9826DDE25E007DDEAC /* ResultState.swift */; };
		48B46D9C26DDE32C007DDEAC /* DataFromSite.swift in Sources */ = {isa = PBXBuildFile; fileRef = 48B46D9B26DDE32C007DDEAC /* DataFromSite.swift */; };
		48B46DA026DECABC007DDEAC /* RowView.swift in Sources */ = {isa = PBXBuildFile; fileRef = 48B46D9F26DECABC007DDEAC /* RowView.swift */; };
		48B46DA226DECAF1007DDEAC /* HomeView.swift in Sources */ = {isa = PBXBuildFile; fileRef = 48B46DA126DECAF1007DDEAC /* HomeView.swift */; };
		48B46DA526E36D31007DDEAC /* URLImageStore in Frameworks */ = {isa = PBXBuildFile; productRef = 48B46DA426E36D31007DDEAC /* URLImageStore */; };
		48B46DA726E36D31007DDEAC /* URLImage in Frameworks */ = {isa = PBXBuildFile; productRef = 48B46DA626E36D31007DDEAC /* URLImage */; };
/* End PBXBuildFile section */

/* Begin PBXFileReference section */
		48836D8426DDCB040099923D /* TableEndPoint.swift */ = {isa = PBXFileReference; lastKnownFileType = sourcecode.swift; path = TableEndPoint.swift; sourceTree = "<group>"; };
		48836D8726DDCE7E0099923D /* APIError.swift */ = {isa = PBXFileReference; lastKnownFileType = sourcecode.swift; path = APIError.swift; sourceTree = "<group>"; };
		48836D8A26DDD1710099923D /* DataService.swift */ = {isa = PBXFileReference; lastKnownFileType = sourcecode.swift; path = DataService.swift; sourceTree = "<group>"; };
		48A1AFD326DDC2AD00755CB0 /* CBInvestorApp.swift */ = {isa = PBXFileReference; lastKnownFileType = sourcecode.swift; path = CBInvestorApp.swift; sourceTree = "<group>"; };
		48A1AFD426DDC2AD00755CB0 /* ContentView.swift */ = {isa = PBXFileReference; lastKnownFileType = sourcecode.swift; path = ContentView.swift; sourceTree = "<group>"; };
		48A1AFD526DDC2AF00755CB0 /* Assets.xcassets */ = {isa = PBXFileReference; lastKnownFileType = folder.assetcatalog; path = Assets.xcassets; sourceTree = "<group>"; };
		48A1AFDA26DDC2AF00755CB0 /* CBInvestor.app */ = {isa = PBXFileReference; explicitFileType = wrapper.application; includeInIndex = 0; path = CBInvestor.app; sourceTree = BUILT_PRODUCTS_DIR; };
		48A1AFDD26DDC2AF00755CB0 /* Info.plist */ = {isa = PBXFileReference; lastKnownFileType = text.plist.xml; path = Info.plist; sourceTree = "<group>"; };
		48A1AFE226DDC2AF00755CB0 /* CBInvestor.app */ = {isa = PBXFileReference; explicitFileType = wrapper.application; includeInIndex = 0; path = CBInvestor.app; sourceTree = BUILT_PRODUCTS_DIR; };
		48A1AFE426DDC2AF00755CB0 /* Info.plist */ = {isa = PBXFileReference; lastKnownFileType = text.plist.xml; path = Info.plist; sourceTree = "<group>"; };
		48A1AFE526DDC2AF00755CB0 /* macOS.entitlements */ = {isa = PBXFileReference; lastKnownFileType = text.plist.entitlements; path = macOS.entitlements; sourceTree = "<group>"; };
		48A1AFF526DDC31700755CB0 /* JslDataTable.swift */ = {isa = PBXFileReference; lastKnownFileType = sourcecode.swift; path = JslDataTable.swift; sourceTree = "<group>"; };
		48B46D9826DDE25E007DDEAC /* ResultState.swift */ = {isa = PBXFileReference; lastKnownFileType = sourcecode.swift; path = ResultState.swift; sourceTree = "<group>"; };
		48B46D9B26DDE32C007DDEAC /* DataFromSite.swift */ = {isa = PBXFileReference; lastKnownFileType = sourcecode.swift; path = DataFromSite.swift; sourceTree = "<group>"; };
		48B46D9F26DECABC007DDEAC /* RowView.swift */ = {isa = PBXFileReference; lastKnownFileType = sourcecode.swift; path = RowView.swift; sourceTree = "<group>"; };
		48B46DA126DECAF1007DDEAC /* HomeView.swift */ = {isa = PBXFileReference; lastKnownFileType = sourcecode.swift; path = HomeView.swift; sourceTree = "<group>"; };
/* End PBXFileReference section */

/* Begin PBXFrameworksBuildPhase section */
		48A1AFD726DDC2AF00755CB0 /* Frameworks */ = {
			isa = PBXFrameworksBuildPhase;
			buildActionMask = 2147483647;
			files = (
				48B46DA726E36D31007DDEAC /* URLImage in Frameworks */,
				48B46DA526E36D31007DDEAC /* URLImageStore in Frameworks */,
			);
			runOnlyForDeploymentPostprocessing = 0;
		};
		48A1AFDF26DDC2AF00755CB0 /* Frameworks */ = {
			isa = PBXFrameworksBuildPhase;
			buildActionMask = 2147483647;
			files = (
			);
			runOnlyForDeploymentPostprocessing = 0;
		};
/* End PBXFrameworksBuildPhase section */

/* Begin PBXGroup section */
		48836D8326DDCAD40099923D /* EndPoint */ = {
			isa = PBXGroup;
			children = (
				48836D8426DDCB040099923D /* TableEndPoint.swift */,
			);
			path = EndPoint;
			sourceTree = "<group>";
		};
		48836D8626DDCE5A0099923D /* Error */ = {
			isa = PBXGroup;
			children = (
				48836D8726DDCE7E0099923D /* APIError.swift */,
			);
			path = Error;
			sourceTree = "<group>";
		};
		48836D8926DDD1520099923D /* Service */ = {
			isa = PBXGroup;
			children = (
				48836D8A26DDD1710099923D /* DataService.swift */,
			);
			path = Service;
			sourceTree = "<group>";
		};
		48A1AFCD26DDC2AD00755CB0 = {
			isa = PBXGroup;
			children = (
				48A1AFD226DDC2AD00755CB0 /* Shared */,
				48A1AFDC26DDC2AF00755CB0 /* iOS */,
				48A1AFE326DDC2AF00755CB0 /* macOS */,
				48A1AFDB26DDC2AF00755CB0 /* Products */,
			);
			sourceTree = "<group>";
		};
		48A1AFD226DDC2AD00755CB0 /* Shared */ = {
			isa = PBXGroup;
			children = (
				48B46D9E26DECA92007DDEAC /* Views */,
				48B46D9A26DDE2F3007DDEAC /* View Model */,
				48B46D9726DDE239007DDEAC /* States */,
				48836D8926DDD1520099923D /* Service */,
				48836D8626DDCE5A0099923D /* Error */,
				48836D8326DDCAD40099923D /* EndPoint */,
				48A1AFF426DDC2E300755CB0 /* Model */,
				48A1AFD326DDC2AD00755CB0 /* CBInvestorApp.swift */,
				48A1AFD426DDC2AD00755CB0 /* ContentView.swift */,
				48A1AFD526DDC2AF00755CB0 /* Assets.xcassets */,
			);
			path = Shared;
			sourceTree = "<group>";
		};
		48A1AFDB26DDC2AF00755CB0 /* Products */ = {
			isa = PBXGroup;
			children = (
				48A1AFDA26DDC2AF00755CB0 /* CBInvestor.app */,
				48A1AFE226DDC2AF00755CB0 /* CBInvestor.app */,
			);
			name = Products;
			sourceTree = "<group>";
		};
		48A1AFDC26DDC2AF00755CB0 /* iOS */ = {
			isa = PBXGroup;
			children = (
				48A1AFDD26DDC2AF00755CB0 /* Info.plist */,
			);
			path = iOS;
			sourceTree = "<group>";
		};
		48A1AFE326DDC2AF00755CB0 /* macOS */ = {
			isa = PBXGroup;
			children = (
				48A1AFE426DDC2AF00755CB0 /* Info.plist */,
				48A1AFE526DDC2AF00755CB0 /* macOS.entitlements */,
			);
			path = macOS;
			sourceTree = "<group>";
		};
		48A1AFF426DDC2E300755CB0 /* Model */ = {
			isa = PBXGroup;
			children = (
				48A1AFF526DDC31700755CB0 /* JslDataTable.swift */,
			);
			path = Model;
			sourceTree = "<group>";
		};
		48B46D9726DDE239007DDEAC /* States */ = {
			isa = PBXGroup;
			children = (
				48B46D9826DDE25E007DDEAC /* ResultState.swift */,
			);
			path = States;
			sourceTree = "<group>";
		};
		48B46D9A26DDE2F3007DDEAC /* View Model */ = {
			isa = PBXGroup;
			children = (
				48B46D9B26DDE32C007DDEAC /* DataFromSite.swift */,
			);
			path = "View Model";
			sourceTree = "<group>";
		};
		48B46D9E26DECA92007DDEAC /* Views */ = {
			isa = PBXGroup;
			children = (
				48B46D9F26DECABC007DDEAC /* RowView.swift */,
				48B46DA126DECAF1007DDEAC /* HomeView.swift */,
			);
			path = Views;
			sourceTree = "<group>";
		};
/* End PBXGroup section */

/* Begin PBXNativeTarget section */
		48A1AFD926DDC2AF00755CB0 /* CBInvestor (iOS) */ = {
			isa = PBXNativeTarget;
			buildConfigurationList = 48A1AFEE26DDC2AF00755CB0 /* Build configuration list for PBXNativeTarget "CBInvestor (iOS)" */;
			buildPhases = (
				48A1AFD626DDC2AF00755CB0 /* Sources */,
				48A1AFD726DDC2AF00755CB0 /* Frameworks */,
				48A1AFD826DDC2AF00755CB0 /* Resources */,
			);
			buildRules = (
			);
			dependencies = (
			);
			name = "CBInvestor (iOS)";
			packageProductDependencies = (
				48B46DA426E36D31007DDEAC /* URLImageStore */,
				48B46DA626E36D31007DDEAC /* URLImage */,
			);
			productName = "CBInvestor (iOS)";
			productReference = 48A1AFDA26DDC2AF00755CB0 /* CBInvestor.app */;
			productType = "com.apple.product-type.application";
		};
		48A1AFE126DDC2AF00755CB0 /* CBInvestor (macOS) */ = {
			isa = PBXNativeTarget;
			buildConfigurationList = 48A1AFF126DDC2AF00755CB0 /* Build configuration list for PBXNativeTarget "CBInvestor (macOS)" */;
			buildPhases = (
				48A1AFDE26DDC2AF00755CB0 /* Sources */,
				48A1AFDF26DDC2AF00755CB0 /* Frameworks */,
				48A1AFE026DDC2AF00755CB0 /* Resources */,
			);
			buildRules = (
			);
			dependencies = (
			);
			name = "CBInvestor (macOS)";
			productName = "CBInvestor (macOS)";
			productReference = 48A1AFE226DDC2AF00755CB0 /* CBInvestor.app */;
			productType = "com.apple.product-type.application";
		};
/* End PBXNativeTarget section */

/* Begin PBXProject section */
		48A1AFCE26DDC2AD00755CB0 /* Project object */ = {
			isa = PBXProject;
			attributes = {
				LastSwiftUpdateCheck = 1250;
				LastUpgradeCheck = 1250;
				TargetAttributes = {
					48A1AFD926DDC2AF00755CB0 = {
						CreatedOnToolsVersion = 12.5.1;
					};
					48A1AFE126DDC2AF00755CB0 = {
						CreatedOnToolsVersion = 12.5.1;
					};
				};
			};
			buildConfigurationList = 48A1AFD126DDC2AD00755CB0 /* Build configuration list for PBXProject "CBInvestor" */;
			compatibilityVersion = "Xcode 9.3";
			developmentRegion = en;
			hasScannedForEncodings = 0;
			knownRegions = (
				en,
				Base,
			);
			mainGroup = 48A1AFCD26DDC2AD00755CB0;
			packageReferences = (
				48B46DA326E36D31007DDEAC /* XCRemoteSwiftPackageReference "url-image" */,
			);
			productRefGroup = 48A1AFDB26DDC2AF00755CB0 /* Products */;
			projectDirPath = "";
			projectRoot = "";
			targets = (
				48A1AFD926DDC2AF00755CB0 /* CBInvestor (iOS) */,
				48A1AFE126DDC2AF00755CB0 /* CBInvestor (macOS) */,
			);
		};
/* End PBXProject section */

/* Begin PBXResourcesBuildPhase section */
		48A1AFD826DDC2AF00755CB0 /* Resources */ = {
			isa = PBXResourcesBuildPhase;
			buildActionMask = 2147483647;
			files = (
				48A1AFEA26DDC2AF00755CB0 /* Assets.xcassets in Resources */,
			);
			runOnlyForDeploymentPostprocessing = 0;
		};
		48A1AFE026DDC2AF00755CB0 /* Resources */ = {
			isa = PBXResourcesBuildPhase;
			buildActionMask = 2147483647;
			files = (
				48A1AFEB26DDC2AF00755CB0 /* Assets.xcassets in Resources */,
			);
			runOnlyForDeploymentPostprocessing = 0;
		};
/* End PBXResourcesBuildPhase section */

/* Begin PBXSourcesBuildPhase section */
		48A1AFD626DDC2AF00755CB0 /* Sources */ = {
			isa = PBXSourcesBuildPhase;
			buildActionMask = 2147483647;
			files = (
				48B46D9C26DDE32C007DDEAC /* DataFromSite.swift in Sources */,
				48B46D9926DDE25E007DDEAC /* ResultState.swift in Sources */,
				48A1AFF626DDC31700755CB0 /* JslDataTable.swift in Sources */,
				48B46DA226DECAF1007DDEAC /* HomeView.swift in Sources */,
				48A1AFE826DDC2AF00755CB0 /* ContentView.swift in Sources */,
				48B46DA026DECABC007DDEAC /* RowView.swift in Sources */,
				48A1AFE626DDC2AF00755CB0 /* CBInvestorApp.swift in Sources */,
				48836D8B26DDD1710099923D /* DataService.swift in Sources */,
				48836D8826DDCE7E0099923D /* APIError.swift in Sources */,
				48836D8526DDCB040099923D /* TableEndPoint.swift in Sources */,
			);
			runOnlyForDeploymentPostprocessing = 0;
		};
		48A1AFDE26DDC2AF00755CB0 /* Sources */ = {
			isa = PBXSourcesBuildPhase;
			buildActionMask = 2147483647;
			files = (
				48A1AFE926DDC2AF00755CB0 /* ContentView.swift in Sources */,
				48A1AFE726DDC2AF00755CB0 /* CBInvestorApp.swift in Sources */,
			);
			runOnlyForDeploymentPostprocessing = 0;
		};
/* End PBXSourcesBuildPhase section */

/* Begin XCBuildConfiguration section */
		48A1AFEC26DDC2AF00755CB0 /* Debug */ = {
			isa = XCBuildConfiguration;
			buildSettings = {
				ALWAYS_SEARCH_USER_PATHS = NO;
				CLANG_ANALYZER_NONNULL = YES;
				CLANG_ANALYZER_NUMBER_OBJECT_CONVERSION = YES_AGGRESSIVE;
				CLANG_CXX_LANGUAGE_STANDARD = "gnu++14";
				CLANG_CXX_LIBRARY = "libc++";
				CLANG_ENABLE_MODULES = YES;
				CLANG_ENABLE_OBJC_ARC = YES;
				CLANG_ENABLE_OBJC_WEAK = YES;
				CLANG_WARN_BLOCK_CAPTURE_AUTORELEASING = YES;
				CLANG_WARN_BOOL_CONVERSION = YES;
				CLANG_WARN_COMMA = YES;
				CLANG_WARN_CONSTANT_CONVERSION = YES;
				CLANG_WARN_DEPRECATED_OBJC_IMPLEMENTATIONS = YES;
				CLANG_WARN_DIRECT_OBJC_ISA_USAGE = YES_ERROR;
				CLANG_WARN_DOCUMENTATION_COMMENTS = YES;
				CLANG_WARN_EMPTY_BODY = YES;
				CLANG_WARN_ENUM_CONVERSION = YES;
				CLANG_WARN_INFINITE_RECURSION = YES;
				CLANG_WARN_INT_CONVERSION = YES;
				CLANG_WARN_NON_LITERAL_NULL_CONVERSION = YES;
				CLANG_WARN_OBJC_IMPLICIT_RETAIN_SELF = YES;
				CLANG_WARN_OBJC_LITERAL_CONVERSION = YES;
				CLANG_WARN_OBJC_ROOT_CLASS = YES_ERROR;
				CLANG_WARN_QUOTED_INCLUDE_IN_FRAMEWORK_HEADER = YES;
				CLANG_WARN_RANGE_LOOP_ANALYSIS = YES;
				CLANG_WARN_STRICT_PROTOTYPES = YES;
				CLANG_WARN_SUSPICIOUS_MOVE = YES;
				CLANG_WARN_UNGUARDED_AVAILABILITY = YES_AGGRESSIVE;
				CLANG_WARN_UNREACHABLE_CODE = YES;
				CLANG_WARN__DUPLICATE_METHOD_MATCH = YES;
				COPY_PHASE_STRIP = NO;
				DEBUG_INFORMATION_FORMAT = dwarf;
				ENABLE_STRICT_OBJC_MSGSEND = YES;
				ENABLE_TESTABILITY = YES;
				GCC_C_LANGUAGE_STANDARD = gnu11;
				GCC_DYNAMIC_NO_PIC = NO;
				GCC_NO_COMMON_BLOCKS = YES;
				GCC_OPTIMIZATION_LEVEL = 0;
				GCC_PREPROCESSOR_DEFINITIONS = (
					"DEBUG=1",
					"$(inherited)",
				);
				GCC_WARN_64_TO_32_BIT_CONVERSION = YES;
				GCC_WARN_ABOUT_RETURN_TYPE = YES_ERROR;
				GCC_WARN_UNDECLARED_SELECTOR = YES;
				GCC_WARN_UNINITIALIZED_AUTOS = YES_AGGRESSIVE;
				GCC_WARN_UNUSED_FUNCTION = YES;
				GCC_WARN_UNUSED_VARIABLE = YES;
				MTL_ENABLE_DEBUG_INFO = INCLUDE_SOURCE;
				MTL_FAST_MATH = YES;
				ONLY_ACTIVE_ARCH = YES;
				SWIFT_ACTIVE_COMPILATION_CONDITIONS = DEBUG;
				SWIFT_OPTIMIZATION_LEVEL = "-Onone";
			};
			name = Debug;
		};
		48A1AFED26DDC2AF00755CB0 /* Release */ = {
			isa = XCBuildConfiguration;
			buildSettings = {
				ALWAYS_SEARCH_USER_PATHS = NO;
				CLANG_ANALYZER_NONNULL = YES;
				CLANG_ANALYZER_NUMBER_OBJECT_CONVERSION = YES_AGGRESSIVE;
				CLANG_CXX_LANGUAGE_STANDARD = "gnu++14";
				CLANG_CXX_LIBRARY = "libc++";
				CLANG_ENABLE_MODULES = YES;
				CLANG_ENABLE_OBJC_ARC = YES;
				CLANG_ENABLE_OBJC_WEAK = YES;
				CLANG_WARN_BLOCK_CAPTURE_AUTORELEASING = YES;
				CLANG_WARN_BOOL_CONVERSION = YES;
				CLANG_WARN_COMMA = YES;
				CLANG_WARN_CONSTANT_CONVERSION = YES;
				CLANG_WARN_DEPRECATED_OBJC_IMPLEMENTATIONS = YES;
				CLANG_WARN_DIRECT_OBJC_ISA_USAGE = YES_ERROR;
				CLANG_WARN_DOCUMENTATION_COMMENTS = YES;
				CLANG_WARN_EMPTY_BODY = YES;
				CLANG_WARN_ENUM_CONVERSION = YES;
				CLANG_WARN_INFINITE_RECURSION = YES;
				CLANG_WARN_INT_CONVERSION = YES;
				CLANG_WARN_NON_LITERAL_NULL_CONVERSION = YES;
				CLANG_WARN_OBJC_IMPLICIT_RETAIN_SELF = YES;
				CLANG_WARN_OBJC_LITERAL_CONVERSION = YES;
				CLANG_WARN_OBJC_ROOT_CLASS = YES_ERROR;
				CLANG_WARN_QUOTED_INCLUDE_IN_FRAMEWORK_HEADER = YES;
				CLANG_WARN_RANGE_LOOP_ANALYSIS = YES;
				CLANG_WARN_STRICT_PROTOTYPES = YES;
				CLANG_WARN_SUSPICIOUS_MOVE = YES;
				CLANG_WARN_UNGUARDED_AVAILABILITY = YES_AGGRESSIVE;
				CLANG_WARN_UNREACHABLE_CODE = YES;
				CLANG_WARN__DUPLICATE_METHOD_MATCH = YES;
				COPY_PHASE_STRIP = NO;
				DEBUG_INFORMATION_FORMAT = "dwarf-with-dsym";
				ENABLE_NS_ASSERTIONS = NO;
				ENABLE_STRICT_OBJC_MSGSEND = YES;
				GCC_C_LANGUAGE_STANDARD = gnu11;
				GCC_NO_COMMON_BLOCKS = YES;
				GCC_WARN_64_TO_32_BIT_CONVERSION = YES;
				GCC_WARN_ABOUT_RETURN_TYPE = YES_ERROR;
				GCC_WARN_UNDECLARED_SELECTOR = YES;
				GCC_WARN_UNINITIALIZED_AUTOS = YES_AGGRESSIVE;
				GCC_WARN_UNUSED_FUNCTION = YES;
				GCC_WARN_UNUSED_VARIABLE = YES;
				MTL_ENABLE_DEBUG_INFO = NO;
				MTL_FAST_MATH = YES;
				SWIFT_COMPILATION_MODE = wholemodule;
				SWIFT_OPTIMIZATION_LEVEL = "-O";
			};
			name = Release;
		};
		48A1AFEF26DDC2AF00755CB0 /* Debug */ = {
			isa = XCBuildConfiguration;
			buildSettings = {
				ASSETCATALOG_COMPILER_APPICON_NAME = AppIcon;
				ASSETCATALOG_COMPILER_GLOBAL_ACCENT_COLOR_NAME = AccentColor;
				CODE_SIGN_STYLE = Automatic;
				DEVELOPMENT_TEAM = ZC99T738S6;
				ENABLE_PREVIEWS = YES;
				INFOPLIST_FILE = iOS/Info.plist;
				IPHONEOS_DEPLOYMENT_TARGET = 14.0;
				LD_RUNPATH_SEARCH_PATHS = (
					"$(inherited)",
					"@executable_path/Frameworks",
				);
				PRODUCT_BUNDLE_IDENTIFIER = com.github.emptist.CBInvestor;
				PRODUCT_NAME = CBInvestor;
				SDKROOT = iphoneos;
				SWIFT_VERSION = 5.0;
				TARGETED_DEVICE_FAMILY = "1,2";
			};
			name = Debug;
		};
		48A1AFF026DDC2AF00755CB0 /* Release */ = {
			isa = XCBuildConfiguration;
			buildSettings = {
				ASSETCATALOG_COMPILER_APPICON_NAME = AppIcon;
				ASSETCATALOG_COMPILER_GLOBAL_ACCENT_COLOR_NAME = AccentColor;
				CODE_SIGN_STYLE = Automatic;
				DEVELOPMENT_TEAM = ZC99T738S6;
				ENABLE_PREVIEWS = YES;
				INFOPLIST_FILE = iOS/Info.plist;
				IPHONEOS_DEPLOYMENT_TARGET = 14.0;
				LD_RUNPATH_SEARCH_PATHS = (
					"$(inherited)",
					"@executable_path/Frameworks",
				);
				PRODUCT_BUNDLE_IDENTIFIER = com.github.emptist.CBInvestor;
				PRODUCT_NAME = CBInvestor;
				SDKROOT = iphoneos;
				SWIFT_VERSION = 5.0;
				TARGETED_DEVICE_FAMILY = "1,2";
				VALIDATE_PRODUCT = YES;
			};
			name = Release;
		};
		48A1AFF226DDC2AF00755CB0 /* Debug */ = {
			isa = XCBuildConfiguration;
			buildSettings = {
				ASSETCATALOG_COMPILER_APPICON_NAME = AppIcon;
				ASSETCATALOG_COMPILER_GLOBAL_ACCENT_COLOR_NAME = AccentColor;
				CODE_SIGN_ENTITLEMENTS = macOS/macOS.entitlements;
				CODE_SIGN_STYLE = Automatic;
				COMBINE_HIDPI_IMAGES = YES;
				DEVELOPMENT_TEAM = ZC99T738S6;
				ENABLE_HARDENED_RUNTIME = YES;
				ENABLE_PREVIEWS = YES;
				INFOPLIST_FILE = macOS/Info.plist;
				LD_RUNPATH_SEARCH_PATHS = (
					"$(inherited)",
					"@executable_path/../Frameworks",
				);
				MACOSX_DEPLOYMENT_TARGET = 11.0;
				PRODUCT_BUNDLE_IDENTIFIER = com.github.emptist.CBInvestor;
				PRODUCT_NAME = CBInvestor;
				SDKROOT = macosx;
				SWIFT_VERSION = 5.0;
			};
			name = Debug;
		};
		48A1AFF326DDC2AF00755CB0 /* Release */ = {
			isa = XCBuildConfiguration;
			buildSettings = {
				ASSETCATALOG_COMPILER_APPICON_NAME = AppIcon;
				ASSETCATALOG_COMPILER_GLOBAL_ACCENT_COLOR_NAME = AccentColor;
				CODE_SIGN_ENTITLEMENTS = macOS/macOS.entitlements;
				CODE_SIGN_STYLE = Automatic;
				COMBINE_HIDPI_IMAGES = YES;
				DEVELOPMENT_TEAM = ZC99T738S6;
				ENABLE_HARDENED_RUNTIME = YES;
				ENABLE_PREVIEWS = YES;
				INFOPLIST_FILE = macOS/Info.plist;
				LD_RUNPATH_SEARCH_PATHS = (
					"$(inherited)",
					"@executable_path/../Frameworks",
				);
				MACOSX_DEPLOYMENT_TARGET = 11.0;
				PRODUCT_BUNDLE_IDENTIFIER = com.github.emptist.CBInvestor;
				PRODUCT_NAME = CBInvestor;
				SDKROOT = macosx;
				SWIFT_VERSION = 5.0;
			};
			name = Release;
		};
/* End XCBuildConfiguration section */

/* Begin XCConfigurationList section */
		48A1AFD126DDC2AD00755CB0 /* Build configuration list for PBXProject "CBInvestor" */ = {
			isa = XCConfigurationList;
			buildConfigurations = (
				48A1AFEC26DDC2AF00755CB0 /* Debug */,
				48A1AFED26DDC2AF00755CB0 /* Release */,
			);
			defaultConfigurationIsVisible = 0;
			defaultConfigurationName = Release;
		};
		48A1AFEE26DDC2AF00755CB0 /* Build configuration list for PBXNativeTarget "CBInvestor (iOS)" */ = {
			isa = XCConfigurationList;
			buildConfigurations = (
				48A1AFEF26DDC2AF00755CB0 /* Debug */,
				48A1AFF026DDC2AF00755CB0 /* Release */,
			);
			defaultConfigurationIsVisible = 0;
			defaultConfigurationName = Release;
		};
		48A1AFF126DDC2AF00755CB0 /* Build configuration list for PBXNativeTarget "CBInvestor (macOS)" */ = {
			isa = XCConfigurationList;
			buildConfigurations = (
				48A1AFF226DDC2AF00755CB0 /* Debug */,
				48A1AFF326DDC2AF00755CB0 /* Release */,
			);
			defaultConfigurationIsVisible = 0;
			defaultConfigurationName = Release;
		};
/* End XCConfigurationList section */

/* Begin XCRemoteSwiftPackageReference section */
		48B46DA326E36D31007DDEAC /* XCRemoteSwiftPackageReference "url-image" */ = {
			isa = XCRemoteSwiftPackageReference;
			repositoryURL = "https://github.com/dmytro-anokhin/url-image";
			requirement = {
				kind = upToNextMajorVersion;
				minimumVersion = 3.1.0;
			};
		};
/* End XCRemoteSwiftPackageReference section */

/* Begin XCSwiftPackageProductDependency section */
		48B46DA426E36D31007DDEAC /* URLImageStore */ = {
			isa = XCSwiftPackageProductDependency;
			package = 48B46DA326E36D31007DDEAC /* XCRemoteSwiftPackageReference "url-image" */;
			productName = URLImageStore;
		};
		48B46DA626E36D31007DDEAC /* URLImage */ = {
			isa = XCSwiftPackageProductDependency;
			package = 48B46DA326E36D31007DDEAC /* XCRemoteSwiftPackageReference "url-image" */;
			productName = URLImage;
		};
/* End XCSwiftPackageProductDependency section */
	};
	rootObject = 48A1AFCE26DDC2AD00755CB0 /* Project object */;
}
